{
  "name": "static",
  "lockfileVersion": 2,
  "requires": true,
  "packages": {
    "": {
      "dependencies": {
        "aurelia": "^2.0.0-alpha.38",
        "three": "^0.143.0",
        "three-stl-loader": "^1.0.6"
      }
    },
    "node_modules/@aurelia/fetch-client": {
      "version": "2.0.0-alpha.38",
      "resolved": "https://registry.npmjs.org/@aurelia/fetch-client/-/fetch-client-2.0.0-alpha.38.tgz",
      "integrity": "sha512-TrsAhddv53yKCxLaOWnD0g1y9TC0QoSXiYPRl9FWOshZI74e66OCMU0YYQ/AeCGdbAbFMsFPQAZAkW1teiEPug==",
      "dependencies": {
        "@aurelia/kernel": "2.0.0-alpha.38",
        "@aurelia/metadata": "2.0.0-alpha.38"
      },
      "engines": {
        "node": ">=14.17.0"
      }
    },
    "node_modules/@aurelia/kernel": {
      "version": "2.0.0-alpha.38",
      "resolved": "https://registry.npmjs.org/@aurelia/kernel/-/kernel-2.0.0-alpha.38.tgz",
      "integrity": "sha512-PUBN0hYyvjM8VZUiB8K0AUj0H4Tjx43jXqMlym0zrZywy49qu/9mPuPTsCX/7ykBxENdg7SEi1pv3CHAvxitEw==",
      "dependencies": {
        "@aurelia/metadata": "2.0.0-alpha.38",
        "@aurelia/platform": "2.0.0-alpha.38"
      },
      "engines": {
        "node": ">=14.17.0"
      }
    },
    "node_modules/@aurelia/metadata": {
      "version": "2.0.0-alpha.38",
      "resolved": "https://registry.npmjs.org/@aurelia/metadata/-/metadata-2.0.0-alpha.38.tgz",
      "integrity": "sha512-w+2lS38D7ZBxiD4fgCdenmT0HKVDaZ4w8HZUcF4XbqWMd6kNREy7gPjpnssXK0KUIkcIHkjEivyBlpRn+Nywfw==",
      "engines": {
        "node": ">=14.17.0"
      }
    },
    "node_modules/@aurelia/platform": {
      "version": "2.0.0-alpha.38",
      "resolved": "https://registry.npmjs.org/@aurelia/platform/-/platform-2.0.0-alpha.38.tgz",
      "integrity": "sha512-zK+BNbRhlDO7J0n+Mnsgh40jV4zzzy3AGrO/s7zexlj1EHTmTlcdoeKvJ3BTxZuGdHkUBX8sXO0k4mFO6qm7DQ==",
      "engines": {
        "node": ">=14.17.0"
      }
    },
    "node_modules/@aurelia/platform-browser": {
      "version": "2.0.0-alpha.38",
      "resolved": "https://registry.npmjs.org/@aurelia/platform-browser/-/platform-browser-2.0.0-alpha.38.tgz",
      "integrity": "sha512-BwphQXt00d9LBsYLKwSuBUOZvbd0AmA6YUC8o4LnPGxeFHrtOT6mRGuDVdEgAypOOVIUThQNp5+hUHKGtHRmmw==",
      "dependencies": {
        "@aurelia/platform": "2.0.0-alpha.38"
      },
      "engines": {
        "node": ">=14.17.0"
      }
    },
    "node_modules/@aurelia/route-recognizer": {
      "version": "2.0.0-alpha.38",
      "resolved": "https://registry.npmjs.org/@aurelia/route-recognizer/-/route-recognizer-2.0.0-alpha.38.tgz",
      "integrity": "sha512-frYjE4mnSxaZwHi8xf7eAZqkuCED19y0Sd4xw8JDh0vf2LnR2s7MP3u0MMNqUM9zpkjYdddyx8yBLRZfIFUTdA==",
      "engines": {
        "node": ">=14.17.0"
      }
    },
    "node_modules/@aurelia/router": {
      "version": "2.0.0-alpha.38",
      "resolved": "https://registry.npmjs.org/@aurelia/router/-/router-2.0.0-alpha.38.tgz",
      "integrity": "sha512-jc3jcwzRpRzgYhlDBXrKyKIxq+vLivCd1RXC5OQhWREPx4GWC0QNIF9mnDfg6KuSkwdSjOLHpxnuUl1jRAP0sA==",
      "dependencies": {
        "@aurelia/kernel": "2.0.0-alpha.38",
        "@aurelia/metadata": "2.0.0-alpha.38",
        "@aurelia/platform": "2.0.0-alpha.38",
        "@aurelia/platform-browser": "2.0.0-alpha.38",
        "@aurelia/route-recognizer": "2.0.0-alpha.38",
        "@aurelia/runtime": "2.0.0-alpha.38",
        "@aurelia/runtime-html": "2.0.0-alpha.38"
      },
      "engines": {
        "node": ">=14.17.0"
      }
    },
    "node_modules/@aurelia/router-lite": {
      "version": "2.0.0-alpha.38",
      "resolved": "https://registry.npmjs.org/@aurelia/router-lite/-/router-lite-2.0.0-alpha.38.tgz",
      "integrity": "sha512-BRTHi15foYabteJwnKhp+nIn8B/bjKrdKYBmjhqbYCXEMB5r4dNI6HfRIxDQynVunCKVIXtYsfzA+fwJGzrfEg==",
      "dependencies": {
        "@aurelia/kernel": "2.0.0-alpha.38",
        "@aurelia/metadata": "2.0.0-alpha.38",
        "@aurelia/platform": "2.0.0-alpha.38",
        "@aurelia/platform-browser": "2.0.0-alpha.38",
        "@aurelia/route-recognizer": "2.0.0-alpha.38",
        "@aurelia/runtime": "2.0.0-alpha.38",
        "@aurelia/runtime-html": "2.0.0-alpha.38"
      },
      "engines": {
        "node": ">=14.17.0"
      }
    },
    "node_modules/@aurelia/runtime": {
      "version": "2.0.0-alpha.38",
      "resolved": "https://registry.npmjs.org/@aurelia/runtime/-/runtime-2.0.0-alpha.38.tgz",
      "integrity": "sha512-23JVrZtAX2zfEtjv7x2ijgpvzda/zAq0Fyj3A5A4BEq5TCW9CWszwsd07rjBe2cUIcr9dqJQITml8nPk/tQBmA==",
      "dependencies": {
        "@aurelia/kernel": "2.0.0-alpha.38",
        "@aurelia/metadata": "2.0.0-alpha.38",
        "@aurelia/platform": "2.0.0-alpha.38"
      },
      "engines": {
        "node": ">=14.17.0"
      }
    },
    "node_modules/@aurelia/runtime-html": {
      "version": "2.0.0-alpha.38",
      "resolved": "https://registry.npmjs.org/@aurelia/runtime-html/-/runtime-html-2.0.0-alpha.38.tgz",
      "integrity": "sha512-ffoim/4KiJpT6sdPi6RuvQWCqGGOOT4yyv68pG71/pyTD1GrqfJLocqhNrgwhjanWcQdJCfuCuGYaUZYxicR6w==",
      "dependencies": {
        "@aurelia/kernel": "2.0.0-alpha.38",
        "@aurelia/metadata": "2.0.0-alpha.38",
        "@aurelia/platform": "2.0.0-alpha.38",
        "@aurelia/platform-browser": "2.0.0-alpha.38",
        "@aurelia/runtime": "2.0.0-alpha.38"
      },
      "engines": {
        "node": ">=14.17.0"
      }
    },
    "node_modules/aurelia": {
      "version": "2.0.0-alpha.38",
      "resolved": "https://registry.npmjs.org/aurelia/-/aurelia-2.0.0-alpha.38.tgz",
      "integrity": "sha512-ME/j9TLFxpTbIfsw+51oHlyH+eKC+6YbYuhzFNO22/2QFRXL1VJo7kSQRFpNPm8m5v+U7JFoJvykeFtro64vFQ==",
      "dependencies": {
        "@aurelia/fetch-client": "2.0.0-alpha.38",
        "@aurelia/kernel": "2.0.0-alpha.38",
        "@aurelia/metadata": "2.0.0-alpha.38",
        "@aurelia/platform": "2.0.0-alpha.38",
        "@aurelia/platform-browser": "2.0.0-alpha.38",
        "@aurelia/route-recognizer": "2.0.0-alpha.38",
        "@aurelia/router": "2.0.0-alpha.38",
        "@aurelia/router-lite": "2.0.0-alpha.38",
        "@aurelia/runtime": "2.0.0-alpha.38",
        "@aurelia/runtime-html": "2.0.0-alpha.38"
      },
      "engines": {
        "node": ">=14.17.0"
      }
    },
    "node_modules/three": {
      "version": "0.143.0",
      "resolved": "https://registry.npmjs.org/three/-/three-0.143.0.tgz",
      "integrity": "sha512-oKcAGYHhJ46TGEuHjodo2n6TY2R6lbvrkp+feKZxqsUL/WkH7GKKaeu6RHeyb2Xjfk2dPLRKLsOP0KM2VgT8Zg=="
    },
    "node_modules/three-stl-loader": {
      "version": "1.0.6",
      "resolved": "https://registry.npmjs.org/three-stl-loader/-/three-stl-loader-1.0.6.tgz",
      "integrity": "sha512-Z5Tc41XwYkR7we7Igz9Ck0Gw931aMePpPA2piaixUBOqteztlnh5onH/op5UrTdlOjs6GnKR6DBHZ4plUEh4bA=="
    }
  },
  "dependencies": {
    "@aurelia/fetch-client": {
      "version": "2.0.0-alpha.38",
      "resolved": "https://registry.npmjs.org/@aurelia/fetch-client/-/fetch-client-2.0.0-alpha.38.tgz",
      "integrity": "sha512-TrsAhddv53yKCxLaOWnD0g1y9TC0QoSXiYPRl9FWOshZI74e66OCMU0YYQ/AeCGdbAbFMsFPQAZAkW1teiEPug==",
      "requires": {
        "@aurelia/kernel": "2.0.0-alpha.38",
        "@aurelia/metadata": "2.0.0-alpha.38"
      }
    },
    "@aurelia/kernel": {
      "version": "2.0.0-alpha.38",
      "resolved": "https://registry.npmjs.org/@aurelia/kernel/-/kernel-2.0.0-alpha.38.tgz",
      "integrity": "sha512-PUBN0hYyvjM8VZUiB8K0AUj0H4Tjx43jXqMlym0zrZywy49qu/9mPuPTsCX/7ykBxENdg7SEi1pv3CHAvxitEw==",
      "requires": {
        "@aurelia/metadata": "2.0.0-alpha.38",
        "@aurelia/platform": "2.0.0-alpha.38"
      }
    },
    "@aurelia/metadata": {
      "version": "2.0.0-alpha.38",
      "resolved": "https://registry.npmjs.org/@aurelia/metadata/-/metadata-2.0.0-alpha.38.tgz",
      "integrity": "sha512-w+2lS38D7ZBxiD4fgCdenmT0HKVDaZ4w8HZUcF4XbqWMd6kNREy7gPjpnssXK0KUIkcIHkjEivyBlpRn+Nywfw=="
    },
    "@aurelia/platform": {
      "version": "2.0.0-alpha.38",
      "resolved": "https://registry.npmjs.org/@aurelia/platform/-/platform-2.0.0-alpha.38.tgz",
      "integrity": "sha512-zK+BNbRhlDO7J0n+Mnsgh40jV4zzzy3AGrO/s7zexlj1EHTmTlcdoeKvJ3BTxZuGdHkUBX8sXO0k4mFO6qm7DQ=="
    },
    "@aurelia/platform-browser": {
      "version": "2.0.0-alpha.38",
      "resolved": "https://registry.npmjs.org/@aurelia/platform-browser/-/platform-browser-2.0.0-alpha.38.tgz",
      "integrity": "sha512-BwphQXt00d9LBsYLKwSuBUOZvbd0AmA6YUC8o4LnPGxeFHrtOT6mRGuDVdEgAypOOVIUThQNp5+hUHKGtHRmmw==",
      "requires": {
        "@aurelia/platform": "2.0.0-alpha.38"
      }
    },
    "@aurelia/route-recognizer": {
      "version": "2.0.0-alpha.38",
      "resolved": "https://registry.npmjs.org/@aurelia/route-recognizer/-/route-recognizer-2.0.0-alpha.38.tgz",
      "integrity": "sha512-frYjE4mnSxaZwHi8xf7eAZqkuCED19y0Sd4xw8JDh0vf2LnR2s7MP3u0MMNqUM9zpkjYdddyx8yBLRZfIFUTdA=="
    },
    "@aurelia/router": {
      "version": "2.0.0-alpha.38",
      "resolved": "https://registry.npmjs.org/@aurelia/router/-/router-2.0.0-alpha.38.tgz",
      "integrity": "sha512-jc3jcwzRpRzgYhlDBXrKyKIxq+vLivCd1RXC5OQhWREPx4GWC0QNIF9mnDfg6KuSkwdSjOLHpxnuUl1jRAP0sA==",
      "requires": {
        "@aurelia/kernel": "2.0.0-alpha.38",
        "@aurelia/metadata": "2.0.0-alpha.38",
        "@aurelia/platform": "2.0.0-alpha.38",
        "@aurelia/platform-browser": "2.0.0-alpha.38",
        "@aurelia/route-recognizer": "2.0.0-alpha.38",
        "@aurelia/runtime": "2.0.0-alpha.38",
        "@aurelia/runtime-html": "2.0.0-alpha.38"
      }
    },
    "@aurelia/router-lite": {
      "version": "2.0.0-alpha.38",
      "resolved": "https://registry.npmjs.org/@aurelia/router-lite/-/router-lite-2.0.0-alpha.38.tgz",
      "integrity": "sha512-BRTHi15foYabteJwnKhp+nIn8B/bjKrdKYBmjhqbYCXEMB5r4dNI6HfRIxDQynVunCKVIXtYsfzA+fwJGzrfEg==",
      "requires": {
        "@aurelia/kernel": "2.0.0-alpha.38",
        "@aurelia/metadata": "2.0.0-alpha.38",
        "@aurelia/platform": "2.0.0-alpha.38",
        "@aurelia/platform-browser": "2.0.0-alpha.38",
        "@aurelia/route-recognizer": "2.0.0-alpha.38",
        "@aurelia/runtime": "2.0.0-alpha.38",
        "@aurelia/runtime-html": "2.0.0-alpha.38"
      }
    },
    "@aurelia/runtime": {
      "version": "2.0.0-alpha.38",
      "resolved": "https://registry.npmjs.org/@aurelia/runtime/-/runtime-2.0.0-alpha.38.tgz",
      "integrity": "sha512-23JVrZtAX2zfEtjv7x2ijgpvzda/zAq0Fyj3A5A4BEq5TCW9CWszwsd07rjBe2cUIcr9dqJQITml8nPk/tQBmA==",
      "requires": {
        "@aurelia/kernel": "2.0.0-alpha.38",
        "@aurelia/metadata": "2.0.0-alpha.38",
        "@aurelia/platform": "2.0.0-alpha.38"
      }
    },
    "@aurelia/runtime-html": {
      "version": "2.0.0-alpha.38",
      "resolved": "https://registry.npmjs.org/@aurelia/runtime-html/-/runtime-html-2.0.0-alpha.38.tgz",
      "integrity": "sha512-ffoim/4KiJpT6sdPi6RuvQWCqGGOOT4yyv68pG71/pyTD1GrqfJLocqhNrgwhjanWcQdJCfuCuGYaUZYxicR6w==",
      "requires": {
        "@aurelia/kernel": "2.0.0-alpha.38",
        "@aurelia/metadata": "2.0.0-alpha.38",
        "@aurelia/platform": "2.0.0-alpha.38",
        "@aurelia/platform-browser": "2.0.0-alpha.38",
        "@aurelia/runtime": "2.0.0-alpha.38"
      }
    },
    "aurelia": {
      "version": "2.0.0-alpha.38",
      "resolved": "https://registry.npmjs.org/aurelia/-/aurelia-2.0.0-alpha.38.tgz",
      "integrity": "sha512-ME/j9TLFxpTbIfsw+51oHlyH+eKC+6YbYuhzFNO22/2QFRXL1VJo7kSQRFpNPm8m5v+U7JFoJvykeFtro64vFQ==",
      "requires": {
        "@aurelia/fetch-client": "2.0.0-alpha.38",
        "@aurelia/kernel": "2.0.0-alpha.38",
        "@aurelia/metadata": "2.0.0-alpha.38",
        "@aurelia/platform": "2.0.0-alpha.38",
        "@aurelia/platform-browser": "2.0.0-alpha.38",
        "@aurelia/route-recognizer": "2.0.0-alpha.38",
        "@aurelia/router": "2.0.0-alpha.38",
        "@aurelia/router-lite": "2.0.0-alpha.38",
        "@aurelia/runtime": "2.0.0-alpha.38",
        "@aurelia/runtime-html": "2.0.0-alpha.38"
      }
    },
    "three": {
      "version": "0.143.0",
      "resolved": "https://registry.npmjs.org/three/-/three-0.143.0.tgz",
      "integrity": "sha512-oKcAGYHhJ46TGEuHjodo2n6TY2R6lbvrkp+feKZxqsUL/WkH7GKKaeu6RHeyb2Xjfk2dPLRKLsOP0KM2VgT8Zg=="
    },
    "three-stl-loader": {
      "version": "1.0.6",
      "resolved": "https://registry.npmjs.org/three-stl-loader/-/three-stl-loader-1.0.6.tgz",
      "integrity": "sha512-Z5Tc41XwYkR7we7Igz9Ck0Gw931aMePpPA2piaixUBOqteztlnh5onH/op5UrTdlOjs6GnKR6DBHZ4plUEh4bA=="
    }
  }
}
